
Microsoft Visual Studio Solution File, Format Version 12.00
# Visual Studio Version 17
VisualStudioVersion = 17.14.36327.8 d17.14
MinimumVisualStudioVersion = 10.0.40219.1
Project("{FAE04EC0-301F-11D3-BF4B-00C04F79EFBC}") = "HospitalConsoleApp", "HospitalConsoleApp.csproj", "{56B44E4E-55F6-4213-B47B-F64D789039C0}"
EndProject
Global
	GlobalSection(SolutionConfigurationPlatforms) = preSolution
		Debug|Any CPU = Debug|Any CPU
		Release|Any CPU = Release|Any CPU
	EndGlobalSection
	GlobalSection(ProjectConfigurationPlatforms) = postSolution
		{56B44E4E-55F6-4213-B47B-F64D789039C0}.Debug|Any CPU.ActiveCfg = Debug|Any CPU
		{56B44E4E-55F6-4213-B47B-F64D789039C0}.Debug|Any CPU.Build.0 = Debug|Any CPU
		{56B44E4E-55F6-4213-B47B-F64D789039C0}.Release|Any CPU.ActiveCfg = Release|Any CPU
		{56B44E4E-55F6-4213-B47B-F64D789039C0}.Release|Any CPU.Build.0 = Release|Any CPU
	EndGlobalSection
	GlobalSection(SolutionProperties) = preSolution
		HideSolutionNode = FALSE
	EndGlobalSection
	GlobalSection(ExtensibilityGlobals) = postSolution
		SolutionGuid = {281E4556-40CC-4A76-AEC9-100690E8B621}
	EndGlobalSection
EndGlobal
